
Microsoft Visual Studio Solution File, Format Version 12.00
# Visual Studio Version 16
VisualStudioVersion = 16.0.35826.135
MinimumVisualStudioVersion = 10.0.40219.1
Project("{FAE04EC0-301F-11D3-BF4B-00C04F79EFBC}") = "WebInfovitel", "WebInfovitel\WebInfovitel.csproj", "{9174720A-A568-418A-9E29-C8528B02162C}"
EndProject
Project("{FAE04EC0-301F-11D3-BF4B-00C04F79EFBC}") = "CapaDatos", "CapaDatos\CapaDatos.csproj", "{3609E69C-C863-48F8-8AD3-C09F09EC8F72}"
EndProject
Project("{FAE04EC0-301F-11D3-BF4B-00C04F79EFBC}") = "CapaModelos", "CapaModelos\CapaModelos.csproj", "{99F1C3A9-D6AD-42CE-9B56-38BD7AD46506}"
EndProject
Global
	GlobalSection(SolutionConfigurationPlatforms) = preSolution
		Debug|Any CPU = Debug|Any CPU
		Release|Any CPU = Release|Any CPU
	EndGlobalSection
	GlobalSection(ProjectConfigurationPlatforms) = postSolution
		{9174720A-A568-418A-9E29-C8528B02162C}.Debug|Any CPU.ActiveCfg = Debug|Any CPU
		{9174720A-A568-418A-9E29-C8528B02162C}.Debug|Any CPU.Build.0 = Debug|Any CPU
		{9174720A-A568-418A-9E29-C8528B02162C}.Release|Any CPU.ActiveCfg = Release|Any CPU
		{9174720A-A568-418A-9E29-C8528B02162C}.Release|Any CPU.Build.0 = Release|Any CPU
		{3609E69C-C863-48F8-8AD3-C09F09EC8F72}.Debug|Any CPU.ActiveCfg = Debug|Any CPU
		{3609E69C-C863-48F8-8AD3-C09F09EC8F72}.Debug|Any CPU.Build.0 = Debug|Any CPU
		{3609E69C-C863-48F8-8AD3-C09F09EC8F72}.Release|Any CPU.ActiveCfg = Release|Any CPU
		{3609E69C-C863-48F8-8AD3-C09F09EC8F72}.Release|Any CPU.Build.0 = Release|Any CPU
		{99F1C3A9-D6AD-42CE-9B56-38BD7AD46506}.Debug|Any CPU.ActiveCfg = Debug|Any CPU
		{99F1C3A9-D6AD-42CE-9B56-38BD7AD46506}.Debug|Any CPU.Build.0 = Debug|Any CPU
		{99F1C3A9-D6AD-42CE-9B56-38BD7AD46506}.Release|Any CPU.ActiveCfg = Release|Any CPU
		{99F1C3A9-D6AD-42CE-9B56-38BD7AD46506}.Release|Any CPU.Build.0 = Release|Any CPU
	EndGlobalSection
	GlobalSection(SolutionProperties) = preSolution
		HideSolutionNode = FALSE
	EndGlobalSection
	GlobalSection(ExtensibilityGlobals) = postSolution
		SolutionGuid = {E500D608-3A6E-4DCF-A615-3E2769C9BE59}
	EndGlobalSection
EndGlobal
